
Microsoft Visual Studio Solution File, Format Version 12.00
# Visual Studio Version 17
VisualStudioVersion = 17.11.35303.130
MinimumVisualStudioVersion = 10.0.40219.1
Project("{FAE04EC0-301F-11D3-BF4B-00C04F79EFBC}") = "FamilyTreeApi", "FamilyTreeApi\FamilyTreeApi.csproj", "{188054E3-DCEE-4483-B0F1-37B53F4DC669}"
EndProject
Global
	GlobalSection(SolutionConfigurationPlatforms) = preSolution
		Debug|Any CPU = Debug|Any CPU
		Release|Any CPU = Release|Any CPU
	EndGlobalSection
	GlobalSection(ProjectConfigurationPlatforms) = postSolution
		{188054E3-DCEE-4483-B0F1-37B53F4DC669}.Debug|Any CPU.ActiveCfg = Debug|Any CPU
		{188054E3-DCEE-4483-B0F1-37B53F4DC669}.Debug|Any CPU.Build.0 = Debug|Any CPU
		{188054E3-DCEE-4483-B0F1-37B53F4DC669}.Release|Any CPU.ActiveCfg = Release|Any CPU
		{188054E3-DCEE-4483-B0F1-37B53F4DC669}.Release|Any CPU.Build.0 = Release|Any CPU
	EndGlobalSection
	GlobalSection(SolutionProperties) = preSolution
		HideSolutionNode = FALSE
	EndGlobalSection
	GlobalSection(ExtensibilityGlobals) = postSolution
		SolutionGuid = {5BFD6B7F-27CE-42CF-9E44-4E1E5293D338}
	EndGlobalSection
EndGlobal
